# THIS IS AN AUTOGENERATED FILE. DO NOT EDIT THIS FILE DIRECTLY.
# yarn lockfile v1


"@actions/core@^2.0.0":
  version "2.0.3"
  resolved "https://registry.yarnpkg.com/@actions/core/-/core-2.0.3.tgz#b05e8cf407ab393e5d10282357a74e1ee2315eee"
  integrity sha512-Od9Thc3T1mQJYddvVPM4QGiLUewdh+3txmDYHHxoNdkqysR1MbCT+rFOtNUxYAz+7+6RIsqipVahY2GJqGPyxA==
  dependencies:
    "@actions/exec" "^2.0.0"
    "@actions/http-client" "^3.0.2"

"@actions/exec@^2.0.0":
  version "2.0.0"
  resolved "https://registry.yarnpkg.com/@actions/exec/-/exec-2.0.0.tgz#35e829723389f80e362ec2cc415697ec74362ad8"
  integrity sha512-k8ngrX2voJ/RIN6r9xB82NVqKpnMRtxDoiO+g3olkIUpQNqjArXrCQceduQZCQj3P3xm32pChRLqRrtXTlqhIw==
  dependencies:
    "@actions/io" "^2.0.0"

"@actions/http-client@^3.0.2":
  version "3.0.2"
  resolved "https://registry.yarnpkg.com/@actions/http-client/-/http-client-3.0.2.tgz#3db9c83af9d29d51ac8c30b45bc17f7014beb1b2"
  integrity sha512-JP38FYYpyqvUsz+Igqlc/JG6YO9PaKuvqjM3iGvaLqFnJ7TFmcLyy2IDrY0bI0qCQug8E9K+elv5ZNfw62ZJzA==
  dependencies:
    tunnel "^0.0.6"
    undici "^6.23.0"

"@actions/io@^2.0.0":
  version "2.0.0"
  resolved "https://registry.yarnpkg.com/@actions/io/-/io-2.0.0.tgz#3ad1271ba3cd515324f2215e8d4c1c0c3864d65b"
  integrity sha512-Jv33IN09XLO+0HS79aaODsvIRyduiF7NY/F6LYeK5oeUmrsz7aFdRphQjFoESF4jS7lMauDOttKALcpapVDIAg==

"@vercel/ncc@^0.38.0":
  version "0.38.4"
  resolved "https://registry.yarnpkg.com/@vercel/ncc/-/ncc-0.38.4.tgz#e1fb8be9e7ed33bf44c121131d4c6e95f784afac"
  integrity sha512-8LwjnlP39s08C08J5NstzriPvW1SP8Zfpp1BvC2sI35kPeZnHfxVkCwu4/+Wodgnd60UtT1n8K8zw+Mp7J9JmQ==

prettier@^3.0.0:
  version "3.8.3"
  resolved "https://registry.yarnpkg.com/prettier/-/prettier-3.8.3.tgz#560f2de55bf01b4c0503bc629d5df99b9a1d09b0"
  integrity sha512-7igPTM53cGHMW8xWuVTydi2KO233VFiTNyF5hLJqpilHfmn8C8gPf+PS7dUT64YcXFbiMGZxS9pCSxL/Dxm/Jw==

tunnel@^0.0.6:
  version "0.0.6"
  resolved "https://registry.yarnpkg.com/tunnel/-/tunnel-0.0.6.tgz#72f1314b34a5b192db012324df2cc587ca47f92c"
  integrity sha512-1h/Lnq9yajKY2PEbBadPXj3VxsDDu844OnaAo52UVmIzIvwwtBPIuNvkjuzBlTWpfJyUbG3ez0KSBibQkj4ojg==

undici@^6.23.0:
  version "6.25.0"
  resolved "https://registry.yarnpkg.com/undici/-/undici-6.25.0.tgz#8c4efb8c998dc187fc1cfb5dde1ef19a211849fb"
  integrity sha512-ZgpWDC5gmNiuY9CnLVXEH8rl50xhRCuLNA97fAUnKi8RRuV4E6KG31pDTsLVUKnohJE0I3XDrTeEydAXRw47xg==
