# THIS IS AN AUTOGENERATED FILE. DO NOT EDIT THIS FILE DIRECTLY.
# yarn lockfile v1


"@actions/core@^2.0.0":
  version "2.0.2"
  resolved "https://registry.yarnpkg.com/@actions/core/-/core-2.0.2.tgz#81c59e1f3437660d2148a064c1ba8e99931f2cf7"
  integrity sha512-Ast1V7yHbGAhplAsuVlnb/5J8Mtr/Zl6byPPL+Qjq3lmfIgWF1ak1iYfF/079cRERiuTALTXkSuEUdZeDCfGtA==
  dependencies:
    "@actions/exec" "^2.0.0"
    "@actions/http-client" "^3.0.1"

"@actions/exec@^2.0.0":
  version "2.0.0"
  resolved "https://registry.yarnpkg.com/@actions/exec/-/exec-2.0.0.tgz#35e829723389f80e362ec2cc415697ec74362ad8"
  integrity sha512-k8ngrX2voJ/RIN6r9xB82NVqKpnMRtxDoiO+g3olkIUpQNqjArXrCQceduQZCQj3P3xm32pChRLqRrtXTlqhIw==
  dependencies:
    "@actions/io" "^2.0.0"

"@actions/http-client@^3.0.1":
  version "3.0.1"
  resolved "https://registry.yarnpkg.com/@actions/http-client/-/http-client-3.0.1.tgz#0ac91c3abf179a401e23d40abf0d7caa92324268"
  integrity sha512-SbGS8c/vySbNO3kjFgSW77n83C4MQx/Yoe+b1hAdpuvfHxnkHzDq2pWljUpAA56Si1Gae/7zjeZsV0CYjmLo/w==
  dependencies:
    tunnel "^0.0.6"
    undici "^5.28.5"

"@actions/io@^2.0.0":
  version "2.0.0"
  resolved "https://registry.yarnpkg.com/@actions/io/-/io-2.0.0.tgz#3ad1271ba3cd515324f2215e8d4c1c0c3864d65b"
  integrity sha512-Jv33IN09XLO+0HS79aaODsvIRyduiF7NY/F6LYeK5oeUmrsz7aFdRphQjFoESF4jS7lMauDOttKALcpapVDIAg==

"@fastify/busboy@^2.0.0":
  version "2.1.1"
  resolved "https://registry.yarnpkg.com/@fastify/busboy/-/busboy-2.1.1.tgz#b9da6a878a371829a0502c9b6c1c143ef6663f4d"
  integrity sha512-vBZP4NlzfOlerQTnba4aqZoMhE/a9HY7HRqoOPaETQcSQuWEIyZMHGfVu6w9wGtGK5fED5qRs2DteVCjOH60sA==

"@vercel/ncc@^0.38.0":
  version "0.38.4"
  resolved "https://registry.yarnpkg.com/@vercel/ncc/-/ncc-0.38.4.tgz#e1fb8be9e7ed33bf44c121131d4c6e95f784afac"
  integrity sha512-8LwjnlP39s08C08J5NstzriPvW1SP8Zfpp1BvC2sI35kPeZnHfxVkCwu4/+Wodgnd60UtT1n8K8zw+Mp7J9JmQ==

prettier@^3.0.0:
  version "3.8.1"
  resolved "https://registry.yarnpkg.com/prettier/-/prettier-3.8.1.tgz#edf48977cf991558f4fcbd8a3ba6015ba2a3a173"
  integrity sha512-UOnG6LftzbdaHZcKoPFtOcCKztrQ57WkHDeRD9t/PTQtmT0NHSeWWepj6pS0z/N7+08BHFDQVUrfmfMRcZwbMg==

tunnel@^0.0.6:
  version "0.0.6"
  resolved "https://registry.yarnpkg.com/tunnel/-/tunnel-0.0.6.tgz#72f1314b34a5b192db012324df2cc587ca47f92c"
  integrity sha512-1h/Lnq9yajKY2PEbBadPXj3VxsDDu844OnaAo52UVmIzIvwwtBPIuNvkjuzBlTWpfJyUbG3ez0KSBibQkj4ojg==

undici@^5.28.5:
  version "5.29.0"
  resolved "https://registry.yarnpkg.com/undici/-/undici-5.29.0.tgz#419595449ae3f2cdcba3580a2e8903399bd1f5a3"
  integrity sha512-raqeBD6NQK4SkWhQzeYKd1KmIG6dllBOTt55Rmkt4HtI9mwdWtJljnrXjAFUBLTSN67HWrOIZ3EPF4kjUw80Bg==
  dependencies:
    "@fastify/busboy" "^2.0.0"
